
Microsoft Visual Studio Solution File, Format Version 12.00
# Visual Studio 15
VisualStudioVersion = 15.0.28307.136
MinimumVisualStudioVersion = 10.0.40219.1
Project("{2150E333-8FDC-42A3-9474-1A3956D46DE8}") = "semester_1", "semester_1", "{27730261-E297-4AF1-9134-857ED518C3F9}"
EndProject
Project("{2150E333-8FDC-42A3-9474-1A3956D46DE8}") = "course_1", "course_1", "{A5D4ED4F-944A-4127-88F5-12A2EB798E05}"
EndProject
Project("{2150E333-8FDC-42A3-9474-1A3956D46DE8}") = "lab_4", "lab_4", "{B1D0F1CF-F4E5-42B0-A1AF-9CF04A81913D}"
EndProject
Project("{2150E333-8FDC-42A3-9474-1A3956D46DE8}") = "lab_1", "lab_1", "{13A5DA14-2FF0-4E7F-BF0C-E0DFD86C0DB2}"
EndProject
Project("{2150E333-8FDC-42A3-9474-1A3956D46DE8}") = "lab_2", "lab_2", "{7750EBDE-5D97-4F8E-9F70-1BCDB6C49675}"
EndProject
Project("{2150E333-8FDC-42A3-9474-1A3956D46DE8}") = "lab_3", "lab_3", "{96423A3C-DEF1-46CD-9AD1-D02D6EA3078F}"
EndProject
Project("{FAE04EC0-301F-11D3-BF4B-00C04F79EFBC}") = "lab_1", "course_1\semester_1\lab_1\lab_1\lab_1.csproj", "{74A65F30-6EE3-4566-B0D9-B5F7D9424033}"
EndProject
Project("{FAE04EC0-301F-11D3-BF4B-00C04F79EFBC}") = "lab_2", "course_1\semester_1\lab_2\lab_2\lab_2.csproj", "{0E4CDFBF-D281-438A-8570-59E4F7299515}"
EndProject
Project("{FAE04EC0-301F-11D3-BF4B-00C04F79EFBC}") = "lab_3", "course_1\semester_1\lab_3\lab_3\lab_3.csproj", "{3DB2745A-E902-472C-BBEC-8083EBD4E450}"
EndProject
Project("{FAE04EC0-301F-11D3-BF4B-00C04F79EFBC}") = "lab_4_1_common", "course_1\semester_1\lab_4\lab_4_1_common\lab_4_1_common.csproj", "{3B303D06-165D-4085-AFF7-B0EB8C68868A}"
EndProject
Project("{FAE04EC0-301F-11D3-BF4B-00C04F79EFBC}") = "lab_4_1_a", "course_1\semester_1\lab_4\lab_4_1_a\lab_4_1_a.csproj", "{7B5624B2-64F5-46A7-AF25-88F84CE31F2C}"
EndProject
Project("{FAE04EC0-301F-11D3-BF4B-00C04F79EFBC}") = "lab_4_1_b", "course_1\semester_1\lab_4\lab_4_1_b\lab_4_1_b.csproj", "{F8D2D41C-D392-4861-945A-CD2ABC978D64}"
EndProject
Project("{FAE04EC0-301F-11D3-BF4B-00C04F79EFBC}") = "lab_4_2", "course_1\semester_1\lab_4\lab_4_2\lab_4_2.csproj", "{E9F34CE5-DEEE-4BCC-9A8C-4122378A98CF}"
EndProject
Project("{2150E333-8FDC-42A3-9474-1A3956D46DE8}") = "lab_9", "lab_9", "{9C0B6902-7061-45AA-A1E8-6049671DFDFB}"
EndProject
Project("{FAE04EC0-301F-11D3-BF4B-00C04F79EFBC}") = "lab_9", "course_1\semester_1\lab_9\lab_9\lab_9.csproj", "{81D33EE8-FB78-4113-8074-A8FA81A82892}"
EndProject
Project("{2150E333-8FDC-42A3-9474-1A3956D46DE8}") = "lab_8", "lab_8", "{18CD66E9-4AEE-4821-BB26-F017E10857D3}"
EndProject
Project("{FAE04EC0-301F-11D3-BF4B-00C04F79EFBC}") = "lab_8", "course_1\semester_1\lab_8\lab_8.csproj", "{D60DE476-C3BC-489D-A032-A6D31640B572}"
EndProject
Project("{2150E333-8FDC-42A3-9474-1A3956D46DE8}") = "lab_5", "lab_5", "{60842FB1-C103-4FAB-A6E4-3B8DBE4AA0EC}"
EndProject
Project("{FAE04EC0-301F-11D3-BF4B-00C04F79EFBC}") = "lab_5", "course_1\semester_1\lab_5\lab_5\lab_5.csproj", "{F702DCCB-DC4E-4D7B-BF5F-04AF2CEADD9C}"
EndProject
Project("{2150E333-8FDC-42A3-9474-1A3956D46DE8}") = "lab_6", "lab_6", "{A214E339-F280-4609-A9B2-FBECDAE48B8D}"
EndProject
Project("{FAE04EC0-301F-11D3-BF4B-00C04F79EFBC}") = "lab_6_1_a", "course_1\semester_1\lab_6\lab_6_1_a\lab_6_1_a.csproj", "{D4623F03-834A-4095-AD12-7B6E76577B9A}"
EndProject
Project("{FAE04EC0-301F-11D3-BF4B-00C04F79EFBC}") = "lab_6_1_common", "course_1\semester_1\lab_6\lab_6_1_common\lab_6_1_common.csproj", "{A292EFDD-B46C-431B-A66F-0F25E2AFF100}"
EndProject
Project("{FAE04EC0-301F-11D3-BF4B-00C04F79EFBC}") = "lab_6_1_b", "course_1\semester_1\lab_6\lab_6_1_b\lab_6_1_b.csproj", "{34C5C474-893E-4530-BEC1-D6A0168DAF23}"
EndProject
Global
	GlobalSection(SolutionConfigurationPlatforms) = preSolution
		Debug|Any CPU = Debug|Any CPU
		Release|Any CPU = Release|Any CPU
	EndGlobalSection
	GlobalSection(ProjectConfigurationPlatforms) = postSolution
		{74A65F30-6EE3-4566-B0D9-B5F7D9424033}.Debug|Any CPU.ActiveCfg = Debug|Any CPU
		{74A65F30-6EE3-4566-B0D9-B5F7D9424033}.Debug|Any CPU.Build.0 = Debug|Any CPU
		{74A65F30-6EE3-4566-B0D9-B5F7D9424033}.Release|Any CPU.ActiveCfg = Release|Any CPU
		{74A65F30-6EE3-4566-B0D9-B5F7D9424033}.Release|Any CPU.Build.0 = Release|Any CPU
		{0E4CDFBF-D281-438A-8570-59E4F7299515}.Debug|Any CPU.ActiveCfg = Debug|Any CPU
		{0E4CDFBF-D281-438A-8570-59E4F7299515}.Debug|Any CPU.Build.0 = Debug|Any CPU
		{0E4CDFBF-D281-438A-8570-59E4F7299515}.Release|Any CPU.ActiveCfg = Release|Any CPU
		{0E4CDFBF-D281-438A-8570-59E4F7299515}.Release|Any CPU.Build.0 = Release|Any CPU
		{3DB2745A-E902-472C-BBEC-8083EBD4E450}.Debug|Any CPU.ActiveCfg = Debug|Any CPU
		{3DB2745A-E902-472C-BBEC-8083EBD4E450}.Debug|Any CPU.Build.0 = Debug|Any CPU
		{3DB2745A-E902-472C-BBEC-8083EBD4E450}.Release|Any CPU.ActiveCfg = Release|Any CPU
		{3DB2745A-E902-472C-BBEC-8083EBD4E450}.Release|Any CPU.Build.0 = Release|Any CPU
		{3B303D06-165D-4085-AFF7-B0EB8C68868A}.Debug|Any CPU.ActiveCfg = Debug|Any CPU
		{3B303D06-165D-4085-AFF7-B0EB8C68868A}.Debug|Any CPU.Build.0 = Debug|Any CPU
		{3B303D06-165D-4085-AFF7-B0EB8C68868A}.Release|Any CPU.ActiveCfg = Release|Any CPU
		{3B303D06-165D-4085-AFF7-B0EB8C68868A}.Release|Any CPU.Build.0 = Release|Any CPU
		{7B5624B2-64F5-46A7-AF25-88F84CE31F2C}.Debug|Any CPU.ActiveCfg = Debug|Any CPU
		{7B5624B2-64F5-46A7-AF25-88F84CE31F2C}.Debug|Any CPU.Build.0 = Debug|Any CPU
		{7B5624B2-64F5-46A7-AF25-88F84CE31F2C}.Release|Any CPU.ActiveCfg = Release|Any CPU
		{7B5624B2-64F5-46A7-AF25-88F84CE31F2C}.Release|Any CPU.Build.0 = Release|Any CPU
		{F8D2D41C-D392-4861-945A-CD2ABC978D64}.Debug|Any CPU.ActiveCfg = Debug|Any CPU
		{F8D2D41C-D392-4861-945A-CD2ABC978D64}.Debug|Any CPU.Build.0 = Debug|Any CPU
		{F8D2D41C-D392-4861-945A-CD2ABC978D64}.Release|Any CPU.ActiveCfg = Release|Any CPU
		{F8D2D41C-D392-4861-945A-CD2ABC978D64}.Release|Any CPU.Build.0 = Release|Any CPU
		{E9F34CE5-DEEE-4BCC-9A8C-4122378A98CF}.Debug|Any CPU.ActiveCfg = Debug|Any CPU
		{E9F34CE5-DEEE-4BCC-9A8C-4122378A98CF}.Debug|Any CPU.Build.0 = Debug|Any CPU
		{E9F34CE5-DEEE-4BCC-9A8C-4122378A98CF}.Release|Any CPU.ActiveCfg = Release|Any CPU
		{E9F34CE5-DEEE-4BCC-9A8C-4122378A98CF}.Release|Any CPU.Build.0 = Release|Any CPU
		{81D33EE8-FB78-4113-8074-A8FA81A82892}.Debug|Any CPU.ActiveCfg = Debug|Any CPU
		{81D33EE8-FB78-4113-8074-A8FA81A82892}.Debug|Any CPU.Build.0 = Debug|Any CPU
		{81D33EE8-FB78-4113-8074-A8FA81A82892}.Release|Any CPU.ActiveCfg = Release|Any CPU
		{81D33EE8-FB78-4113-8074-A8FA81A82892}.Release|Any CPU.Build.0 = Release|Any CPU
		{D60DE476-C3BC-489D-A032-A6D31640B572}.Debug|Any CPU.ActiveCfg = Debug|Any CPU
		{D60DE476-C3BC-489D-A032-A6D31640B572}.Debug|Any CPU.Build.0 = Debug|Any CPU
		{D60DE476-C3BC-489D-A032-A6D31640B572}.Release|Any CPU.ActiveCfg = Release|Any CPU
		{D60DE476-C3BC-489D-A032-A6D31640B572}.Release|Any CPU.Build.0 = Release|Any CPU
		{F702DCCB-DC4E-4D7B-BF5F-04AF2CEADD9C}.Debug|Any CPU.ActiveCfg = Debug|Any CPU
		{F702DCCB-DC4E-4D7B-BF5F-04AF2CEADD9C}.Debug|Any CPU.Build.0 = Debug|Any CPU
		{F702DCCB-DC4E-4D7B-BF5F-04AF2CEADD9C}.Release|Any CPU.ActiveCfg = Release|Any CPU
		{F702DCCB-DC4E-4D7B-BF5F-04AF2CEADD9C}.Release|Any CPU.Build.0 = Release|Any CPU
		{D4623F03-834A-4095-AD12-7B6E76577B9A}.Debug|Any CPU.ActiveCfg = Debug|Any CPU
		{D4623F03-834A-4095-AD12-7B6E76577B9A}.Debug|Any CPU.Build.0 = Debug|Any CPU
		{D4623F03-834A-4095-AD12-7B6E76577B9A}.Release|Any CPU.ActiveCfg = Release|Any CPU
		{D4623F03-834A-4095-AD12-7B6E76577B9A}.Release|Any CPU.Build.0 = Release|Any CPU
		{A292EFDD-B46C-431B-A66F-0F25E2AFF100}.Debug|Any CPU.ActiveCfg = Debug|Any CPU
		{A292EFDD-B46C-431B-A66F-0F25E2AFF100}.Debug|Any CPU.Build.0 = Debug|Any CPU
		{A292EFDD-B46C-431B-A66F-0F25E2AFF100}.Release|Any CPU.ActiveCfg = Release|Any CPU
		{A292EFDD-B46C-431B-A66F-0F25E2AFF100}.Release|Any CPU.Build.0 = Release|Any CPU
		{34C5C474-893E-4530-BEC1-D6A0168DAF23}.Debug|Any CPU.ActiveCfg = Debug|Any CPU
		{34C5C474-893E-4530-BEC1-D6A0168DAF23}.Debug|Any CPU.Build.0 = Debug|Any CPU
		{34C5C474-893E-4530-BEC1-D6A0168DAF23}.Release|Any CPU.ActiveCfg = Release|Any CPU
		{34C5C474-893E-4530-BEC1-D6A0168DAF23}.Release|Any CPU.Build.0 = Release|Any CPU
	EndGlobalSection
	GlobalSection(SolutionProperties) = preSolution
		HideSolutionNode = FALSE
	EndGlobalSection
	GlobalSection(NestedProjects) = preSolution
		{27730261-E297-4AF1-9134-857ED518C3F9} = {A5D4ED4F-944A-4127-88F5-12A2EB798E05}
		{B1D0F1CF-F4E5-42B0-A1AF-9CF04A81913D} = {27730261-E297-4AF1-9134-857ED518C3F9}
		{13A5DA14-2FF0-4E7F-BF0C-E0DFD86C0DB2} = {27730261-E297-4AF1-9134-857ED518C3F9}
		{7750EBDE-5D97-4F8E-9F70-1BCDB6C49675} = {27730261-E297-4AF1-9134-857ED518C3F9}
		{96423A3C-DEF1-46CD-9AD1-D02D6EA3078F} = {27730261-E297-4AF1-9134-857ED518C3F9}
		{74A65F30-6EE3-4566-B0D9-B5F7D9424033} = {13A5DA14-2FF0-4E7F-BF0C-E0DFD86C0DB2}
		{0E4CDFBF-D281-438A-8570-59E4F7299515} = {7750EBDE-5D97-4F8E-9F70-1BCDB6C49675}
		{3DB2745A-E902-472C-BBEC-8083EBD4E450} = {96423A3C-DEF1-46CD-9AD1-D02D6EA3078F}
		{3B303D06-165D-4085-AFF7-B0EB8C68868A} = {B1D0F1CF-F4E5-42B0-A1AF-9CF04A81913D}
		{7B5624B2-64F5-46A7-AF25-88F84CE31F2C} = {B1D0F1CF-F4E5-42B0-A1AF-9CF04A81913D}
		{F8D2D41C-D392-4861-945A-CD2ABC978D64} = {B1D0F1CF-F4E5-42B0-A1AF-9CF04A81913D}
		{E9F34CE5-DEEE-4BCC-9A8C-4122378A98CF} = {B1D0F1CF-F4E5-42B0-A1AF-9CF04A81913D}
		{9C0B6902-7061-45AA-A1E8-6049671DFDFB} = {27730261-E297-4AF1-9134-857ED518C3F9}
		{81D33EE8-FB78-4113-8074-A8FA81A82892} = {9C0B6902-7061-45AA-A1E8-6049671DFDFB}
		{18CD66E9-4AEE-4821-BB26-F017E10857D3} = {27730261-E297-4AF1-9134-857ED518C3F9}
		{D60DE476-C3BC-489D-A032-A6D31640B572} = {18CD66E9-4AEE-4821-BB26-F017E10857D3}
		{60842FB1-C103-4FAB-A6E4-3B8DBE4AA0EC} = {27730261-E297-4AF1-9134-857ED518C3F9}
		{F702DCCB-DC4E-4D7B-BF5F-04AF2CEADD9C} = {60842FB1-C103-4FAB-A6E4-3B8DBE4AA0EC}
		{A214E339-F280-4609-A9B2-FBECDAE48B8D} = {27730261-E297-4AF1-9134-857ED518C3F9}
		{D4623F03-834A-4095-AD12-7B6E76577B9A} = {A214E339-F280-4609-A9B2-FBECDAE48B8D}
		{A292EFDD-B46C-431B-A66F-0F25E2AFF100} = {A214E339-F280-4609-A9B2-FBECDAE48B8D}
		{34C5C474-893E-4530-BEC1-D6A0168DAF23} = {A214E339-F280-4609-A9B2-FBECDAE48B8D}
	EndGlobalSection
	GlobalSection(ExtensibilityGlobals) = postSolution
		SolutionGuid = {57C3301E-1EB6-4840-92B9-32B5D4F71FBD}
	EndGlobalSection
EndGlobal
